
Microsoft Visual Studio Solution File, Format Version 12.00
# Visual Studio Version 17
VisualStudioVersion = 17.5.33502.453
MinimumVisualStudioVersion = 10.0.40219.1
Project("{FAE04EC0-301F-11D3-BF4B-00C04F79EFBC}") = "SeleniumWebDriverTests", "SeleniumWebDriverTest\SeleniumWebDriverTests.csproj", "{1431EE16-23E2-42AE-B8D6-E387D852777B}"
EndProject
Project("{FAE04EC0-301F-11D3-BF4B-00C04F79EFBC}") = "DataDrivenWebDriverTests", "DataDrivenTests\DataDrivenWebDriverTests.csproj", "{805DF52A-830D-4D7C-BE4A-E768F1DD406C}"
EndProject
Project("{FAE04EC0-301F-11D3-BF4B-00C04F79EFBC}") = "UITestPractice.com", "UITestPractice\UITestPractice.com.csproj", "{24AD7C8B-0D97-433A-BDE1-CC0256265470}"
EndProject
Project("{FAE04EC0-301F-11D3-BF4B-00C04F79EFBC}") = "WebDriverCalculatorPOM", "POM_Calculator\WebDriverCalculatorPOM.csproj", "{7DF641C1-95F7-4F4A-87F9-A961ED44E3C1}"
EndProject
Global
	GlobalSection(SolutionConfigurationPlatforms) = preSolution
		Debug|Any CPU = Debug|Any CPU
		Release|Any CPU = Release|Any CPU
	EndGlobalSection
	GlobalSection(ProjectConfigurationPlatforms) = postSolution
		{1431EE16-23E2-42AE-B8D6-E387D852777B}.Debug|Any CPU.ActiveCfg = Debug|Any CPU
		{1431EE16-23E2-42AE-B8D6-E387D852777B}.Debug|Any CPU.Build.0 = Debug|Any CPU
		{1431EE16-23E2-42AE-B8D6-E387D852777B}.Release|Any CPU.ActiveCfg = Release|Any CPU
		{1431EE16-23E2-42AE-B8D6-E387D852777B}.Release|Any CPU.Build.0 = Release|Any CPU
		{805DF52A-830D-4D7C-BE4A-E768F1DD406C}.Debug|Any CPU.ActiveCfg = Debug|Any CPU
		{805DF52A-830D-4D7C-BE4A-E768F1DD406C}.Debug|Any CPU.Build.0 = Debug|Any CPU
		{805DF52A-830D-4D7C-BE4A-E768F1DD406C}.Release|Any CPU.ActiveCfg = Release|Any CPU
		{805DF52A-830D-4D7C-BE4A-E768F1DD406C}.Release|Any CPU.Build.0 = Release|Any CPU
		{24AD7C8B-0D97-433A-BDE1-CC0256265470}.Debug|Any CPU.ActiveCfg = Debug|Any CPU
		{24AD7C8B-0D97-433A-BDE1-CC0256265470}.Debug|Any CPU.Build.0 = Debug|Any CPU
		{24AD7C8B-0D97-433A-BDE1-CC0256265470}.Release|Any CPU.ActiveCfg = Release|Any CPU
		{24AD7C8B-0D97-433A-BDE1-CC0256265470}.Release|Any CPU.Build.0 = Release|Any CPU
		{7DF641C1-95F7-4F4A-87F9-A961ED44E3C1}.Debug|Any CPU.ActiveCfg = Debug|Any CPU
		{7DF641C1-95F7-4F4A-87F9-A961ED44E3C1}.Debug|Any CPU.Build.0 = Debug|Any CPU
		{7DF641C1-95F7-4F4A-87F9-A961ED44E3C1}.Release|Any CPU.ActiveCfg = Release|Any CPU
		{7DF641C1-95F7-4F4A-87F9-A961ED44E3C1}.Release|Any CPU.Build.0 = Release|Any CPU
	EndGlobalSection
	GlobalSection(SolutionProperties) = preSolution
		HideSolutionNode = FALSE
	EndGlobalSection
	GlobalSection(ExtensibilityGlobals) = postSolution
		SolutionGuid = {0729B9F6-24CF-4B97-98AB-7EB91AC8BE9A}
	EndGlobalSection
EndGlobal
